
Microsoft Visual Studio Solution File, Format Version 12.00
# Visual Studio 15
VisualStudioVersion = 15.0.26124.0
MinimumVisualStudioVersion = 15.0.26124.0
Project("{FAE04EC0-301F-11D3-BF4B-00C04F79EFBC}") = "ApiGateway", "ApiGateway\ApiGateway.csproj", "{BA277F1E-485E-4339-B2B4-E5B7A753EC92}"
EndProject
Project("{FAE04EC0-301F-11D3-BF4B-00C04F79EFBC}") = "ServiceA", "ServiceA\ServiceA.csproj", "{2578D43E-3B97-44B6-A1D0-36304EDCA943}"
EndProject
Project("{FAE04EC0-301F-11D3-BF4B-00C04F79EFBC}") = "ServiceB", "ServiceB\ServiceB.csproj", "{B082FC45-3200-4C56-8F6F-E396644AB287}"
EndProject
Project("{FAE04EC0-301F-11D3-BF4B-00C04F79EFBC}") = "ServiceC", "ServiceC\ServiceC.csproj", "{16E22FC5-0FCF-436E-9FBA-E2B3B6611F61}"
EndProject
Project("{FAE04EC0-301F-11D3-BF4B-00C04F79EFBC}") = "ServiceAMessages", "ServiceAMessages\ServiceAMessages.csproj", "{3A830D41-1F96-4202-8624-F5EEA733E8C6}"
EndProject
Project("{FAE04EC0-301F-11D3-BF4B-00C04F79EFBC}") = "ServiceBMessages", "ServiceBMessages\ServiceBMessages.csproj", "{4EACDA50-0665-4DF6-8C3D-7BAA9FC521EC}"
EndProject
Project("{FAE04EC0-301F-11D3-BF4B-00C04F79EFBC}") = "ServiceCMessages", "ServiceCMessages\ServiceCMessages.csproj", "{C95AA202-205E-49DD-9409-123E81C97803}"
EndProject
Global
	GlobalSection(SolutionConfigurationPlatforms) = preSolution
		Debug|Any CPU = Debug|Any CPU
		Debug|x64 = Debug|x64
		Debug|x86 = Debug|x86
		Release|Any CPU = Release|Any CPU
		Release|x64 = Release|x64
		Release|x86 = Release|x86
	EndGlobalSection
	GlobalSection(SolutionProperties) = preSolution
		HideSolutionNode = FALSE
	EndGlobalSection
	GlobalSection(ProjectConfigurationPlatforms) = postSolution
		{BA277F1E-485E-4339-B2B4-E5B7A753EC92}.Debug|Any CPU.ActiveCfg = Debug|Any CPU
		{BA277F1E-485E-4339-B2B4-E5B7A753EC92}.Debug|Any CPU.Build.0 = Debug|Any CPU
		{BA277F1E-485E-4339-B2B4-E5B7A753EC92}.Debug|x64.ActiveCfg = Debug|Any CPU
		{BA277F1E-485E-4339-B2B4-E5B7A753EC92}.Debug|x64.Build.0 = Debug|Any CPU
		{BA277F1E-485E-4339-B2B4-E5B7A753EC92}.Debug|x86.ActiveCfg = Debug|Any CPU
		{BA277F1E-485E-4339-B2B4-E5B7A753EC92}.Debug|x86.Build.0 = Debug|Any CPU
		{BA277F1E-485E-4339-B2B4-E5B7A753EC92}.Release|Any CPU.ActiveCfg = Release|Any CPU
		{BA277F1E-485E-4339-B2B4-E5B7A753EC92}.Release|Any CPU.Build.0 = Release|Any CPU
		{BA277F1E-485E-4339-B2B4-E5B7A753EC92}.Release|x64.ActiveCfg = Release|Any CPU
		{BA277F1E-485E-4339-B2B4-E5B7A753EC92}.Release|x64.Build.0 = Release|Any CPU
		{BA277F1E-485E-4339-B2B4-E5B7A753EC92}.Release|x86.ActiveCfg = Release|Any CPU
		{BA277F1E-485E-4339-B2B4-E5B7A753EC92}.Release|x86.Build.0 = Release|Any CPU
		{2578D43E-3B97-44B6-A1D0-36304EDCA943}.Debug|Any CPU.ActiveCfg = Debug|Any CPU
		{2578D43E-3B97-44B6-A1D0-36304EDCA943}.Debug|Any CPU.Build.0 = Debug|Any CPU
		{2578D43E-3B97-44B6-A1D0-36304EDCA943}.Debug|x64.ActiveCfg = Debug|Any CPU
		{2578D43E-3B97-44B6-A1D0-36304EDCA943}.Debug|x64.Build.0 = Debug|Any CPU
		{2578D43E-3B97-44B6-A1D0-36304EDCA943}.Debug|x86.ActiveCfg = Debug|Any CPU
		{2578D43E-3B97-44B6-A1D0-36304EDCA943}.Debug|x86.Build.0 = Debug|Any CPU
		{2578D43E-3B97-44B6-A1D0-36304EDCA943}.Release|Any CPU.ActiveCfg = Release|Any CPU
		{2578D43E-3B97-44B6-A1D0-36304EDCA943}.Release|Any CPU.Build.0 = Release|Any CPU
		{2578D43E-3B97-44B6-A1D0-36304EDCA943}.Release|x64.ActiveCfg = Release|Any CPU
		{2578D43E-3B97-44B6-A1D0-36304EDCA943}.Release|x64.Build.0 = Release|Any CPU
		{2578D43E-3B97-44B6-A1D0-36304EDCA943}.Release|x86.ActiveCfg = Release|Any CPU
		{2578D43E-3B97-44B6-A1D0-36304EDCA943}.Release|x86.Build.0 = Release|Any CPU
		{B082FC45-3200-4C56-8F6F-E396644AB287}.Debug|Any CPU.ActiveCfg = Debug|Any CPU
		{B082FC45-3200-4C56-8F6F-E396644AB287}.Debug|Any CPU.Build.0 = Debug|Any CPU
		{B082FC45-3200-4C56-8F6F-E396644AB287}.Debug|x64.ActiveCfg = Debug|Any CPU
		{B082FC45-3200-4C56-8F6F-E396644AB287}.Debug|x64.Build.0 = Debug|Any CPU
		{B082FC45-3200-4C56-8F6F-E396644AB287}.Debug|x86.ActiveCfg = Debug|Any CPU
		{B082FC45-3200-4C56-8F6F-E396644AB287}.Debug|x86.Build.0 = Debug|Any CPU
		{B082FC45-3200-4C56-8F6F-E396644AB287}.Release|Any CPU.ActiveCfg = Release|Any CPU
		{B082FC45-3200-4C56-8F6F-E396644AB287}.Release|Any CPU.Build.0 = Release|Any CPU
		{B082FC45-3200-4C56-8F6F-E396644AB287}.Release|x64.ActiveCfg = Release|Any CPU
		{B082FC45-3200-4C56-8F6F-E396644AB287}.Release|x64.Build.0 = Release|Any CPU
		{B082FC45-3200-4C56-8F6F-E396644AB287}.Release|x86.ActiveCfg = Release|Any CPU
		{B082FC45-3200-4C56-8F6F-E396644AB287}.Release|x86.Build.0 = Release|Any CPU
		{16E22FC5-0FCF-436E-9FBA-E2B3B6611F61}.Debug|Any CPU.ActiveCfg = Debug|Any CPU
		{16E22FC5-0FCF-436E-9FBA-E2B3B6611F61}.Debug|Any CPU.Build.0 = Debug|Any CPU
		{16E22FC5-0FCF-436E-9FBA-E2B3B6611F61}.Debug|x64.ActiveCfg = Debug|Any CPU
		{16E22FC5-0FCF-436E-9FBA-E2B3B6611F61}.Debug|x64.Build.0 = Debug|Any CPU
		{16E22FC5-0FCF-436E-9FBA-E2B3B6611F61}.Debug|x86.ActiveCfg = Debug|Any CPU
		{16E22FC5-0FCF-436E-9FBA-E2B3B6611F61}.Debug|x86.Build.0 = Debug|Any CPU
		{16E22FC5-0FCF-436E-9FBA-E2B3B6611F61}.Release|Any CPU.ActiveCfg = Release|Any CPU
		{16E22FC5-0FCF-436E-9FBA-E2B3B6611F61}.Release|Any CPU.Build.0 = Release|Any CPU
		{16E22FC5-0FCF-436E-9FBA-E2B3B6611F61}.Release|x64.ActiveCfg = Release|Any CPU
		{16E22FC5-0FCF-436E-9FBA-E2B3B6611F61}.Release|x64.Build.0 = Release|Any CPU
		{16E22FC5-0FCF-436E-9FBA-E2B3B6611F61}.Release|x86.ActiveCfg = Release|Any CPU
		{16E22FC5-0FCF-436E-9FBA-E2B3B6611F61}.Release|x86.Build.0 = Release|Any CPU
		{3A830D41-1F96-4202-8624-F5EEA733E8C6}.Debug|Any CPU.ActiveCfg = Debug|Any CPU
		{3A830D41-1F96-4202-8624-F5EEA733E8C6}.Debug|Any CPU.Build.0 = Debug|Any CPU
		{3A830D41-1F96-4202-8624-F5EEA733E8C6}.Debug|x64.ActiveCfg = Debug|Any CPU
		{3A830D41-1F96-4202-8624-F5EEA733E8C6}.Debug|x64.Build.0 = Debug|Any CPU
		{3A830D41-1F96-4202-8624-F5EEA733E8C6}.Debug|x86.ActiveCfg = Debug|Any CPU
		{3A830D41-1F96-4202-8624-F5EEA733E8C6}.Debug|x86.Build.0 = Debug|Any CPU
		{3A830D41-1F96-4202-8624-F5EEA733E8C6}.Release|Any CPU.ActiveCfg = Release|Any CPU
		{3A830D41-1F96-4202-8624-F5EEA733E8C6}.Release|Any CPU.Build.0 = Release|Any CPU
		{3A830D41-1F96-4202-8624-F5EEA733E8C6}.Release|x64.ActiveCfg = Release|Any CPU
		{3A830D41-1F96-4202-8624-F5EEA733E8C6}.Release|x64.Build.0 = Release|Any CPU
		{3A830D41-1F96-4202-8624-F5EEA733E8C6}.Release|x86.ActiveCfg = Release|Any CPU
		{3A830D41-1F96-4202-8624-F5EEA733E8C6}.Release|x86.Build.0 = Release|Any CPU
		{4EACDA50-0665-4DF6-8C3D-7BAA9FC521EC}.Debug|Any CPU.ActiveCfg = Debug|Any CPU
		{4EACDA50-0665-4DF6-8C3D-7BAA9FC521EC}.Debug|Any CPU.Build.0 = Debug|Any CPU
		{4EACDA50-0665-4DF6-8C3D-7BAA9FC521EC}.Debug|x64.ActiveCfg = Debug|Any CPU
		{4EACDA50-0665-4DF6-8C3D-7BAA9FC521EC}.Debug|x64.Build.0 = Debug|Any CPU
		{4EACDA50-0665-4DF6-8C3D-7BAA9FC521EC}.Debug|x86.ActiveCfg = Debug|Any CPU
		{4EACDA50-0665-4DF6-8C3D-7BAA9FC521EC}.Debug|x86.Build.0 = Debug|Any CPU
		{4EACDA50-0665-4DF6-8C3D-7BAA9FC521EC}.Release|Any CPU.ActiveCfg = Release|Any CPU
		{4EACDA50-0665-4DF6-8C3D-7BAA9FC521EC}.Release|Any CPU.Build.0 = Release|Any CPU
		{4EACDA50-0665-4DF6-8C3D-7BAA9FC521EC}.Release|x64.ActiveCfg = Release|Any CPU
		{4EACDA50-0665-4DF6-8C3D-7BAA9FC521EC}.Release|x64.Build.0 = Release|Any CPU
		{4EACDA50-0665-4DF6-8C3D-7BAA9FC521EC}.Release|x86.ActiveCfg = Release|Any CPU
		{4EACDA50-0665-4DF6-8C3D-7BAA9FC521EC}.Release|x86.Build.0 = Release|Any CPU
		{C95AA202-205E-49DD-9409-123E81C97803}.Debug|Any CPU.ActiveCfg = Debug|Any CPU
		{C95AA202-205E-49DD-9409-123E81C97803}.Debug|Any CPU.Build.0 = Debug|Any CPU
		{C95AA202-205E-49DD-9409-123E81C97803}.Debug|x64.ActiveCfg = Debug|Any CPU
		{C95AA202-205E-49DD-9409-123E81C97803}.Debug|x64.Build.0 = Debug|Any CPU
		{C95AA202-205E-49DD-9409-123E81C97803}.Debug|x86.ActiveCfg = Debug|Any CPU
		{C95AA202-205E-49DD-9409-123E81C97803}.Debug|x86.Build.0 = Debug|Any CPU
		{C95AA202-205E-49DD-9409-123E81C97803}.Release|Any CPU.ActiveCfg = Release|Any CPU
		{C95AA202-205E-49DD-9409-123E81C97803}.Release|Any CPU.Build.0 = Release|Any CPU
		{C95AA202-205E-49DD-9409-123E81C97803}.Release|x64.ActiveCfg = Release|Any CPU
		{C95AA202-205E-49DD-9409-123E81C97803}.Release|x64.Build.0 = Release|Any CPU
		{C95AA202-205E-49DD-9409-123E81C97803}.Release|x86.ActiveCfg = Release|Any CPU
		{C95AA202-205E-49DD-9409-123E81C97803}.Release|x86.Build.0 = Release|Any CPU
	EndGlobalSection
EndGlobal
